
Microsoft Visual Studio Solution File, Format Version 12.00
# Visual Studio Version 16
VisualStudioVersion = 16.0.31112.23
MinimumVisualStudioVersion = 10.0.40219.1
Project("{9A19103F-16F7-4668-BE54-9A1E7A4F7556}") = "Stock.Server", "Stock.Server\Stock.Server.csproj", "{AB1D229B-D093-410E-9F93-C52EF6F25CE5}"
EndProject
Project("{9A19103F-16F7-4668-BE54-9A1E7A4F7556}") = "Stock.Console", "Stock.Console\Stock.Console.csproj", "{975E9897-1E4A-4A60-B0A9-ED8DD18EEE2F}"
EndProject
Global
	GlobalSection(SolutionConfigurationPlatforms) = preSolution
		Debug|Any CPU = Debug|Any CPU
		Release|Any CPU = Release|Any CPU
	EndGlobalSection
	GlobalSection(ProjectConfigurationPlatforms) = postSolution
		{AB1D229B-D093-410E-9F93-C52EF6F25CE5}.Debug|Any CPU.ActiveCfg = Debug|Any CPU
		{AB1D229B-D093-410E-9F93-C52EF6F25CE5}.Debug|Any CPU.Build.0 = Debug|Any CPU
		{AB1D229B-D093-410E-9F93-C52EF6F25CE5}.Release|Any CPU.ActiveCfg = Release|Any CPU
		{AB1D229B-D093-410E-9F93-C52EF6F25CE5}.Release|Any CPU.Build.0 = Release|Any CPU
		{975E9897-1E4A-4A60-B0A9-ED8DD18EEE2F}.Debug|Any CPU.ActiveCfg = Debug|Any CPU
		{975E9897-1E4A-4A60-B0A9-ED8DD18EEE2F}.Debug|Any CPU.Build.0 = Debug|Any CPU
		{975E9897-1E4A-4A60-B0A9-ED8DD18EEE2F}.Release|Any CPU.ActiveCfg = Release|Any CPU
		{975E9897-1E4A-4A60-B0A9-ED8DD18EEE2F}.Release|Any CPU.Build.0 = Release|Any CPU
	EndGlobalSection
	GlobalSection(SolutionProperties) = preSolution
		HideSolutionNode = FALSE
	EndGlobalSection
	GlobalSection(ExtensibilityGlobals) = postSolution
		SolutionGuid = {5EC70756-871D-4595-B446-528A579B463D}
	EndGlobalSection
EndGlobal
